{
  "version": 4,
  "terraform_version": "1.3.6",
  "serial": 12,
  "lineage": "69a82deb-b369-1e82-531a-2131689ea568",
  "outputs": {},
  "resources": [
    {
      "mode": "managed",
      "type": "github_repository",
      "name": "local_name",
      "provider": "provider[\"registry.terraform.io/hashicorp/github\"]",
      "instances": [
        {
          "schema_version": 1,
          "attributes": {
            "allow_auto_merge": false,
            "allow_merge_commit": true,
            "allow_rebase_merge": true,
            "allow_squash_merge": true,
            "allow_update_branch": false,
            "archive_on_destroy": null,
            "archived": false,
            "auto_init": true,
            "default_branch": "main",
            "delete_branch_on_merge": false,
            "description": "This is a description by Mahmuda Akter Keya",
            "etag": "W/\"a90dfb959b35e9f0d5ec95b314e49202fd5d1f972b065afdebba8d47ab5280fa\"",
            "full_name": "mahmudaKeya/Github-repo-automation",
            "git_clone_url": "git://github.com/mahmudaKeya/Github-repo-automation.git",
            "gitignore_template": null,
            "has_discussions": false,
            "has_downloads": false,
            "has_issues": false,
            "has_projects": false,
            "has_wiki": false,
            "homepage_url": "",
            "html_url": "https://github.com/mahmudaKeya/Github-repo-automation",
            "http_clone_url": "https://github.com/mahmudaKeya/Github-repo-automation.git",
            "id": "Github-repo-automation",
            "ignore_vulnerability_alerts_during_read": null,
            "is_template": false,
            "license_template": null,
            "merge_commit_message": "PR_TITLE",
            "merge_commit_title": "MERGE_MESSAGE",
            "name": "Github-repo-automation",
            "node_id": "R_kgDOI0RpAQ",
            "pages": [],
            "private": false,
            "repo_id": 591685889,
            "security_and_analysis": [
              {
                "advanced_security": [],
                "secret_scanning": [
                  {
                    "status": "disabled"
                  }
                ],
                "secret_scanning_push_protection": [
                  {
                    "status": "disabled"
                  }
                ]
              }
            ],
            "squash_merge_commit_message": "COMMIT_MESSAGES",
            "squash_merge_commit_title": "COMMIT_OR_PR_TITLE",
            "ssh_clone_url": "git@github.com:mahmudaKeya/Github-repo-automation.git",
            "svn_url": "https://github.com/mahmudaKeya/Github-repo-automation",
            "template": [],
            "topics": [],
            "visibility": "public",
            "vulnerability_alerts": false
          },
          "sensitive_attributes": [],
          "private": "eyJzY2hlbWFfdmVyc2lvbiI6IjEifQ=="
        }
      ]
    }
  ],
  "check_results": null
}
